
Microsoft Visual Studio Solution File, Format Version 12.00
# Visual Studio Version 16
VisualStudioVersion = 16.0.31205.134
MinimumVisualStudioVersion = 10.0.40219.1
Project("{FAE04EC0-301F-11D3-BF4B-00C04F79EFBC}") = "BasicPemrogramanWeb", "BasicPemrogramanWeb\BasicPemrogramanWeb.csproj", "{7EE75231-FD38-4F53-AA69-8E730491B3B2}"
EndProject
Project("{FAE04EC0-301F-11D3-BF4B-00C04F79EFBC}") = "API", "API\API.csproj", "{3DE5ACD9-1F0A-4A0A-9056-24CC40110232}"
EndProject
Global
	GlobalSection(SolutionConfigurationPlatforms) = preSolution
		Debug|Any CPU = Debug|Any CPU
		Release|Any CPU = Release|Any CPU
	EndGlobalSection
	GlobalSection(ProjectConfigurationPlatforms) = postSolution
		{7EE75231-FD38-4F53-AA69-8E730491B3B2}.Debug|Any CPU.ActiveCfg = Debug|Any CPU
		{7EE75231-FD38-4F53-AA69-8E730491B3B2}.Debug|Any CPU.Build.0 = Debug|Any CPU
		{7EE75231-FD38-4F53-AA69-8E730491B3B2}.Release|Any CPU.ActiveCfg = Release|Any CPU
		{7EE75231-FD38-4F53-AA69-8E730491B3B2}.Release|Any CPU.Build.0 = Release|Any CPU
		{3DE5ACD9-1F0A-4A0A-9056-24CC40110232}.Debug|Any CPU.ActiveCfg = Debug|Any CPU
		{3DE5ACD9-1F0A-4A0A-9056-24CC40110232}.Debug|Any CPU.Build.0 = Debug|Any CPU
		{3DE5ACD9-1F0A-4A0A-9056-24CC40110232}.Release|Any CPU.ActiveCfg = Release|Any CPU
		{3DE5ACD9-1F0A-4A0A-9056-24CC40110232}.Release|Any CPU.Build.0 = Release|Any CPU
	EndGlobalSection
	GlobalSection(SolutionProperties) = preSolution
		HideSolutionNode = FALSE
	EndGlobalSection
	GlobalSection(ExtensibilityGlobals) = postSolution
		SolutionGuid = {627F200A-A2B2-46C5-9F70-2EF730D519CC}
	EndGlobalSection
EndGlobal
